
Microsoft Visual Studio Solution File, Format Version 11.00
# Visual Studio 2010
Project("{FAE04EC0-301F-11D3-BF4B-00C04F79EFBC}") = "XLua0207", "Assembly-CSharp.csproj", "{2AA0DC1C-E2D7-C451-21D4-B00C32711F4E}"
EndProject
Project("{FAE04EC0-301F-11D3-BF4B-00C04F79EFBC}") = "XLua0207", "Assembly-CSharp-Editor.csproj", "{33F70B45-4CC6-44F9-A03B-7B2DF0A5FD19}"
EndProject
Global
	GlobalSection(SolutionConfigurationPlatforms) = preSolution
		Debug|Any CPU = Debug|Any CPU
		Release|Any CPU = Release|Any CPU
	EndGlobalSection
	GlobalSection(ProjectConfigurationPlatforms) = postSolution
		{2AA0DC1C-E2D7-C451-21D4-B00C32711F4E}.Debug|Any CPU.ActiveCfg = Debug|Any CPU
		{2AA0DC1C-E2D7-C451-21D4-B00C32711F4E}.Debug|Any CPU.Build.0 = Debug|Any CPU
		{2AA0DC1C-E2D7-C451-21D4-B00C32711F4E}.Release|Any CPU.ActiveCfg = Release|Any CPU
		{2AA0DC1C-E2D7-C451-21D4-B00C32711F4E}.Release|Any CPU.Build.0 = Release|Any CPU
		{33F70B45-4CC6-44F9-A03B-7B2DF0A5FD19}.Debug|Any CPU.ActiveCfg = Debug|Any CPU
		{33F70B45-4CC6-44F9-A03B-7B2DF0A5FD19}.Debug|Any CPU.Build.0 = Debug|Any CPU
		{33F70B45-4CC6-44F9-A03B-7B2DF0A5FD19}.Release|Any CPU.ActiveCfg = Release|Any CPU
		{33F70B45-4CC6-44F9-A03B-7B2DF0A5FD19}.Release|Any CPU.Build.0 = Release|Any CPU
	EndGlobalSection
	GlobalSection(SolutionProperties) = preSolution
		HideSolutionNode = FALSE
	EndGlobalSection
	GlobalSection(MonoDevelopProperties) = preSolution
		StartupItem = Assembly-CSharp.csproj
	EndGlobalSection
EndGlobal
